
Microsoft Visual Studio Solution File, Format Version 12.00
# Visual Studio Version 16
VisualStudioVersion = 16.0.32126.315
MinimumVisualStudioVersion = 10.0.40219.1
Project("{FAE04EC0-301F-11D3-BF4B-00C04F79EFBC}") = "LoopsAndRandomNumbers", "LoopsAndRandomNumbers\LoopsAndRandomNumbers.csproj", "{2AF69325-E4F9-445B-BB06-B4B02EEF132A}"
EndProject
Project("{FAE04EC0-301F-11D3-BF4B-00C04F79EFBC}") = "PINInfiniteLoop", "PINInfiniteLoop\PINInfiniteLoop.csproj", "{0EFBE844-69C7-4D56-99EA-602611BBAE66}"
EndProject
Project("{FAE04EC0-301F-11D3-BF4B-00C04F79EFBC}") = "RandomNumber", "RandomNumber\RandomNumber.csproj", "{945D7E19-A8F3-4BEF-A116-91DA3313567A}"
EndProject
Project("{FAE04EC0-301F-11D3-BF4B-00C04F79EFBC}") = "GuessingGameInfinite", "GuessingGameInfinite\GuessingGameInfinite.csproj", "{791C3D8A-B120-4446-9341-17110BA73B8F}"
EndProject
Project("{FAE04EC0-301F-11D3-BF4B-00C04F79EFBC}") = "GuessingGameThreeTries", "GuessingGameThreeTries\GuessingGameThreeTries.csproj", "{98328BFB-F3C0-4EA7-AE75-DA290FCAF0F7}"
EndProject
Global
	GlobalSection(SolutionConfigurationPlatforms) = preSolution
		Debug|Any CPU = Debug|Any CPU
		Release|Any CPU = Release|Any CPU
	EndGlobalSection
	GlobalSection(ProjectConfigurationPlatforms) = postSolution
		{2AF69325-E4F9-445B-BB06-B4B02EEF132A}.Debug|Any CPU.ActiveCfg = Debug|Any CPU
		{2AF69325-E4F9-445B-BB06-B4B02EEF132A}.Debug|Any CPU.Build.0 = Debug|Any CPU
		{2AF69325-E4F9-445B-BB06-B4B02EEF132A}.Release|Any CPU.ActiveCfg = Release|Any CPU
		{2AF69325-E4F9-445B-BB06-B4B02EEF132A}.Release|Any CPU.Build.0 = Release|Any CPU
		{0EFBE844-69C7-4D56-99EA-602611BBAE66}.Debug|Any CPU.ActiveCfg = Debug|Any CPU
		{0EFBE844-69C7-4D56-99EA-602611BBAE66}.Debug|Any CPU.Build.0 = Debug|Any CPU
		{0EFBE844-69C7-4D56-99EA-602611BBAE66}.Release|Any CPU.ActiveCfg = Release|Any CPU
		{0EFBE844-69C7-4D56-99EA-602611BBAE66}.Release|Any CPU.Build.0 = Release|Any CPU
		{945D7E19-A8F3-4BEF-A116-91DA3313567A}.Debug|Any CPU.ActiveCfg = Debug|Any CPU
		{945D7E19-A8F3-4BEF-A116-91DA3313567A}.Debug|Any CPU.Build.0 = Debug|Any CPU
		{945D7E19-A8F3-4BEF-A116-91DA3313567A}.Release|Any CPU.ActiveCfg = Release|Any CPU
		{945D7E19-A8F3-4BEF-A116-91DA3313567A}.Release|Any CPU.Build.0 = Release|Any CPU
		{791C3D8A-B120-4446-9341-17110BA73B8F}.Debug|Any CPU.ActiveCfg = Debug|Any CPU
		{791C3D8A-B120-4446-9341-17110BA73B8F}.Debug|Any CPU.Build.0 = Debug|Any CPU
		{791C3D8A-B120-4446-9341-17110BA73B8F}.Release|Any CPU.ActiveCfg = Release|Any CPU
		{791C3D8A-B120-4446-9341-17110BA73B8F}.Release|Any CPU.Build.0 = Release|Any CPU
		{98328BFB-F3C0-4EA7-AE75-DA290FCAF0F7}.Debug|Any CPU.ActiveCfg = Debug|Any CPU
		{98328BFB-F3C0-4EA7-AE75-DA290FCAF0F7}.Debug|Any CPU.Build.0 = Debug|Any CPU
		{98328BFB-F3C0-4EA7-AE75-DA290FCAF0F7}.Release|Any CPU.ActiveCfg = Release|Any CPU
		{98328BFB-F3C0-4EA7-AE75-DA290FCAF0F7}.Release|Any CPU.Build.0 = Release|Any CPU
	EndGlobalSection
	GlobalSection(SolutionProperties) = preSolution
		HideSolutionNode = FALSE
	EndGlobalSection
	GlobalSection(ExtensibilityGlobals) = postSolution
		SolutionGuid = {F6094FB6-86DA-49BA-8589-85481784AB6A}
	EndGlobalSection
EndGlobal
